
Microsoft Visual Studio Solution File, Format Version 12.00
# Visual Studio Version 17
VisualStudioVersion = 17.0.31903.59
MinimumVisualStudioVersion = 10.0.40219.1
Project("{9A19103F-16F7-4668-BE54-9A1E7A4F7556}") = "Wslr.App", "src\Wslr.App\Wslr.App.csproj", "{A1B2C3D4-1234-5678-9ABC-DEF012345678}"
EndProject
Project("{9A19103F-16F7-4668-BE54-9A1E7A4F7556}") = "Wslr.Core", "src\Wslr.Core\Wslr.Core.csproj", "{B2C3D4E5-2345-6789-ABCD-EF0123456789}"
EndProject
Project("{9A19103F-16F7-4668-BE54-9A1E7A4F7556}") = "Wslr.Infrastructure", "src\Wslr.Infrastructure\Wslr.Infrastructure.csproj", "{C3D4E5F6-3456-789A-BCDE-F01234567890}"
EndProject
Project("{9A19103F-16F7-4668-BE54-9A1E7A4F7556}") = "Wslr.UI", "src\Wslr.UI\Wslr.UI.csproj", "{D4E5F6A7-4567-89AB-CDEF-012345678901}"
EndProject
Project("{9A19103F-16F7-4668-BE54-9A1E7A4F7556}") = "Wslr.Core.Tests", "tests\Wslr.Core.Tests\Wslr.Core.Tests.csproj", "{E5F6A7B8-5678-9ABC-DEF0-123456789012}"
EndProject
Project("{9A19103F-16F7-4668-BE54-9A1E7A4F7556}") = "Wslr.Infrastructure.Tests", "tests\Wslr.Infrastructure.Tests\Wslr.Infrastructure.Tests.csproj", "{F6A7B8C9-6789-ABCD-EF01-234567890123}"
EndProject
Project("{9A19103F-16F7-4668-BE54-9A1E7A4F7556}") = "Wslr.UI.Tests", "tests\Wslr.UI.Tests\Wslr.UI.Tests.csproj", "{A7B8C9D0-789A-BCDE-F012-345678901234}"
EndProject
Project("{2150E333-8FDC-42A3-9474-1A3956D46DE8}") = "src", "src", "{11111111-1111-1111-1111-111111111111}"
EndProject
Project("{2150E333-8FDC-42A3-9474-1A3956D46DE8}") = "tests", "tests", "{22222222-2222-2222-2222-222222222222}"
EndProject
Global
	GlobalSection(SolutionConfigurationPlatforms) = preSolution
		Debug|Any CPU = Debug|Any CPU
		Release|Any CPU = Release|Any CPU
	EndGlobalSection
	GlobalSection(ProjectConfigurationPlatforms) = postSolution
		{A1B2C3D4-1234-5678-9ABC-DEF012345678}.Debug|Any CPU.ActiveCfg = Debug|Any CPU
		{A1B2C3D4-1234-5678-9ABC-DEF012345678}.Debug|Any CPU.Build.0 = Debug|Any CPU
		{A1B2C3D4-1234-5678-9ABC-DEF012345678}.Release|Any CPU.ActiveCfg = Release|Any CPU
		{A1B2C3D4-1234-5678-9ABC-DEF012345678}.Release|Any CPU.Build.0 = Release|Any CPU
		{B2C3D4E5-2345-6789-ABCD-EF0123456789}.Debug|Any CPU.ActiveCfg = Debug|Any CPU
		{B2C3D4E5-2345-6789-ABCD-EF0123456789}.Debug|Any CPU.Build.0 = Debug|Any CPU
		{B2C3D4E5-2345-6789-ABCD-EF0123456789}.Release|Any CPU.ActiveCfg = Release|Any CPU
		{B2C3D4E5-2345-6789-ABCD-EF0123456789}.Release|Any CPU.Build.0 = Release|Any CPU
		{C3D4E5F6-3456-789A-BCDE-F01234567890}.Debug|Any CPU.ActiveCfg = Debug|Any CPU
		{C3D4E5F6-3456-789A-BCDE-F01234567890}.Debug|Any CPU.Build.0 = Debug|Any CPU
		{C3D4E5F6-3456-789A-BCDE-F01234567890}.Release|Any CPU.ActiveCfg = Release|Any CPU
		{C3D4E5F6-3456-789A-BCDE-F01234567890}.Release|Any CPU.Build.0 = Release|Any CPU
		{D4E5F6A7-4567-89AB-CDEF-012345678901}.Debug|Any CPU.ActiveCfg = Debug|Any CPU
		{D4E5F6A7-4567-89AB-CDEF-012345678901}.Debug|Any CPU.Build.0 = Debug|Any CPU
		{D4E5F6A7-4567-89AB-CDEF-012345678901}.Release|Any CPU.ActiveCfg = Release|Any CPU
		{D4E5F6A7-4567-89AB-CDEF-012345678901}.Release|Any CPU.Build.0 = Release|Any CPU
		{E5F6A7B8-5678-9ABC-DEF0-123456789012}.Debug|Any CPU.ActiveCfg = Debug|Any CPU
		{E5F6A7B8-5678-9ABC-DEF0-123456789012}.Debug|Any CPU.Build.0 = Debug|Any CPU
		{E5F6A7B8-5678-9ABC-DEF0-123456789012}.Release|Any CPU.ActiveCfg = Release|Any CPU
		{E5F6A7B8-5678-9ABC-DEF0-123456789012}.Release|Any CPU.Build.0 = Release|Any CPU
		{F6A7B8C9-6789-ABCD-EF01-234567890123}.Debug|Any CPU.ActiveCfg = Debug|Any CPU
		{F6A7B8C9-6789-ABCD-EF01-234567890123}.Debug|Any CPU.Build.0 = Debug|Any CPU
		{F6A7B8C9-6789-ABCD-EF01-234567890123}.Release|Any CPU.ActiveCfg = Release|Any CPU
		{F6A7B8C9-6789-ABCD-EF01-234567890123}.Release|Any CPU.Build.0 = Release|Any CPU
		{A7B8C9D0-789A-BCDE-F012-345678901234}.Debug|Any CPU.ActiveCfg = Debug|Any CPU
		{A7B8C9D0-789A-BCDE-F012-345678901234}.Debug|Any CPU.Build.0 = Debug|Any CPU
		{A7B8C9D0-789A-BCDE-F012-345678901234}.Release|Any CPU.ActiveCfg = Release|Any CPU
		{A7B8C9D0-789A-BCDE-F012-345678901234}.Release|Any CPU.Build.0 = Release|Any CPU
	EndGlobalSection
	GlobalSection(SolutionProperties) = preSolution
		HideSolutionNode = FALSE
	EndGlobalSection
	GlobalSection(NestedProjects) = preSolution
		{A1B2C3D4-1234-5678-9ABC-DEF012345678} = {11111111-1111-1111-1111-111111111111}
		{B2C3D4E5-2345-6789-ABCD-EF0123456789} = {11111111-1111-1111-1111-111111111111}
		{C3D4E5F6-3456-789A-BCDE-F01234567890} = {11111111-1111-1111-1111-111111111111}
		{D4E5F6A7-4567-89AB-CDEF-012345678901} = {11111111-1111-1111-1111-111111111111}
		{E5F6A7B8-5678-9ABC-DEF0-123456789012} = {22222222-2222-2222-2222-222222222222}
		{F6A7B8C9-6789-ABCD-EF01-234567890123} = {22222222-2222-2222-2222-222222222222}
		{A7B8C9D0-789A-BCDE-F012-345678901234} = {22222222-2222-2222-2222-222222222222}
	EndGlobalSection
	GlobalSection(ExtensibilityGlobals) = postSolution
		SolutionGuid = {12345678-1234-1234-1234-123456789ABC}
	EndGlobalSection
EndGlobal
